<?xml version="1.0" encoding="UTF-8" standalone="yes" ?>
<CodeBlocks_project_file>
	<FileVersion major="1" minor="6" />
	<Project>
		<Option title="OpenCity6" />
		<Option pch_mode="2" />
		<Option compiler="gcc" />
		<Build>
			<Target title="MinGW_Debug">
				<Option platforms="Windows;" />
				<Option output="bin\Debug\OpenCity-0.0.6.2stable" prefix_auto="1" extension_auto="1" />
				<Option object_output="obj\Debug\" />
				<Option type="1" />
				<Option compiler="gcc" />
				<Option parameters="-cd .. -dd .." />
				<Compiler>
					<Add option="-Wall" />
					<Add option="-g" />
					<Add option="-Wmissing-braces -Wparentheses -pedantic-errors" />
					<Add option="-DOPENCITY_SDL_MIXER" />
					<Add directory="..\src\binreloc" />
					<Add directory="..\src\enum" />
					<Add directory="..\src\mapgen\filter" />
					<Add directory="..\src\mapgen\generator" />
					<Add directory="..\src\mapgen" />
					<Add directory="..\src\mas" />
					<Add directory="..\src\model" />
					<Add directory="..\src\networking" />
					<Add directory="..\src\pngfuncs" />
					<Add directory="..\src\simulator" />
					<Add directory="..\src\structure" />
					<Add directory="..\src\tinyxml" />
					<Add directory="..\src\tinyxpath" />
					<Add directory="..\src\triangulation" />
					<Add directory="..\src" />
					<Add directory="D:\Programs\CodeBlocks\SDL\include\SDL" />
					<Add directory="D:\Programs\CodeBlocks\SDL\include" />
				</Compiler>
				<Linker>
					<Add option="-Wl,-subsystem,windows" />
					<Add library="D:\Programs\CodeBlocks\MinGW\lib\libmingw32.a" />
					<Add library="D:\Programs\CodeBlocks\SDL\lib\libSDLmain.a" />
					<Add library="D:\Programs\CodeBlocks\SDL\lib\libSDL.dll.a" />
					<Add library="D:\Programs\CodeBlocks\SDL\lib\SDL_image.lib" />
					<Add library="D:\Programs\CodeBlocks\SDL\lib\SDL_mixer.lib" />
					<Add library="D:\Programs\CodeBlocks\SDL\lib\SDL_net.lib" />
					<Add library="D:\Programs\CodeBlocks\MinGW\lib\libopengl32.a" />
					<Add library="D:\Programs\CodeBlocks\MinGW\lib\libglu32.a" />
				</Linker>
			</Target>
			<Target title="MinGW_Release">
				<Option platforms="Windows;" />
				<Option output="bin\Release\OpenCity-0.0.6.2stable" prefix_auto="1" extension_auto="1" />
				<Option object_output="obj\Release\" />
				<Option type="1" />
				<Option compiler="gcc" />
				<Option parameters="-cd .. -dd .." />
				<Compiler>
					<Add option="-march=i586" />
					<Add option="-O2" />
					<Add option="-Wall" />
					<Add option="-Wmissing-braces -Wparentheses -pedantic-errors" />
					<Add option="-DOPENCITY_SDL_MIXER" />
					<Add option="-DNDEBUG" />
					<Add directory="..\src\binreloc" />
					<Add directory="..\src\enum" />
					<Add directory="..\src\mapgen\filter" />
					<Add directory="..\src\mapgen\generator" />
					<Add directory="..\src\mapgen" />
					<Add directory="..\src\mas" />
					<Add directory="..\src\model" />
					<Add directory="..\src\networking" />
					<Add directory="..\src\pngfuncs" />
					<Add directory="..\src\simulator" />
					<Add directory="..\src\structure" />
					<Add directory="..\src\tinyxml" />
					<Add directory="..\src\tinyxpath" />
					<Add directory="..\src\triangulation" />
					<Add directory="..\src" />
					<Add directory="D:\Programs\CodeBlocks\SDL\include\SDL" />
					<Add directory="D:\Programs\CodeBlocks\SDL\include" />
				</Compiler>
				<Linker>
					<Add option="-s" />
					<Add option="-Wl,-subsystem,windows" />
					<Add library="D:\Programs\CodeBlocks\MinGW\lib\libmingw32.a" />
					<Add library="D:\Programs\CodeBlocks\SDL\lib\libSDLmain.a" />
					<Add library="D:\Programs\CodeBlocks\SDL\lib\libSDL.dll.a" />
					<Add library="D:\Programs\CodeBlocks\SDL\lib\SDL_image.lib" />
					<Add library="D:\Programs\CodeBlocks\SDL\lib\SDL_mixer.lib" />
					<Add library="D:\Programs\CodeBlocks\SDL\lib\SDL_net.lib" />
					<Add library="D:\Programs\CodeBlocks\MinGW\lib\libopengl32.a" />
					<Add library="D:\Programs\CodeBlocks\MinGW\lib\libglu32.a" />
				</Linker>
			</Target>
		</Build>
		<Compiler>
			<Add option="-Wall" />
		</Compiler>
		<Unit filename="..\src\SimpleOpt.h" />
		<Unit filename="..\src\audiomanagersdl.cpp" />
		<Unit filename="..\src\audiomanagersdl.h" />
		<Unit filename="..\src\binreloc\binreloc.c">
			<Option compilerVar="CC" />
		</Unit>
		<Unit filename="..\src\binreloc\binreloc.h" />
		<Unit filename="..\src\buildinglayer.cpp" />
		<Unit filename="..\src\buildinglayer.h" />
		<Unit filename="..\src\city.cpp" />
		<Unit filename="..\src\city.h" />
		<Unit filename="..\src\conf.cpp" />
		<Unit filename="..\src\conf.h" />
		<Unit filename="..\src\destination.cpp" />
		<Unit filename="..\src\destination.h" />
		<Unit filename="..\src\enum.h" />
		<Unit filename="..\src\enum\opencity_direction.h" />
		<Unit filename="..\src\enum\opencity_structure_type.h" />
		<Unit filename="..\src\extensionmanager.cpp" />
		<Unit filename="..\src\extensionmanager.h" />
		<Unit filename="..\src\font_8x8.h" />
		<Unit filename="..\src\globalvar.cpp" />
		<Unit filename="..\src\globalvar.h" />
		<Unit filename="..\src\graphicmanager.cpp" />
		<Unit filename="..\src\graphicmanager.h" />
		<Unit filename="..\src\gui3dview.cpp" />
		<Unit filename="..\src\gui3dview.h" />
		<Unit filename="..\src\guibar.cpp" />
		<Unit filename="..\src\guibar.h" />
		<Unit filename="..\src\guibutton.cpp" />
		<Unit filename="..\src\guibutton.h" />
		<Unit filename="..\src\guicontainer.cpp" />
		<Unit filename="..\src\guicontainer.h" />
		<Unit filename="..\src\guilabel.cpp" />
		<Unit filename="..\src\guilabel.h" />
		<Unit filename="..\src\guimain.cpp" />
		<Unit filename="..\src\guimain.h" />
		<Unit filename="..\src\layer.cpp" />
		<Unit filename="..\src\layer.h" />
		<Unit filename="..\src\macros.h" />
		<Unit filename="..\src\main.cpp" />
		<Unit filename="..\src\main.h" />
		<Unit filename="..\src\map.cpp" />
		<Unit filename="..\src\map.h" />
		<Unit filename="..\src\mapgen\filter\choper.cpp" />
		<Unit filename="..\src\mapgen\filter\choper.h" />
		<Unit filename="..\src\mapgen\filter\context.cpp" />
		<Unit filename="..\src\mapgen\filter\context.h" />
		<Unit filename="..\src\mapgen\filter\contextOnlyPositive.cpp" />
		<Unit filename="..\src\mapgen\filter\contextOnlyPositive.h" />
		<Unit filename="..\src\mapgen\filter\contextualizer.cpp" />
		<Unit filename="..\src\mapgen\filter\contextualizer.h" />
		<Unit filename="..\src\mapgen\filter\cutter.cpp" />
		<Unit filename="..\src\mapgen\filter\cutter.h" />
		<Unit filename="..\src\mapgen\filter\filter.cpp" />
		<Unit filename="..\src\mapgen\filter\filter.h" />
		<Unit filename="..\src\mapgen\filter\flattern.cpp" />
		<Unit filename="..\src\mapgen\filter\flattern.h" />
		<Unit filename="..\src\mapgen\filter\gaussblur.cpp" />
		<Unit filename="..\src\mapgen\filter\gaussblur.h" />
		<Unit filename="..\src\mapgen\filter\normalize.cpp" />
		<Unit filename="..\src\mapgen\filter\normalize.h" />
		<Unit filename="..\src\mapgen\filter\shape.cpp" />
		<Unit filename="..\src\mapgen\filter\shape.h" />
		<Unit filename="..\src\mapgen\filter\shapeBubble.cpp" />
		<Unit filename="..\src\mapgen\filter\shapeBubble.h" />
		<Unit filename="..\src\mapgen\filter\shapeTopRound.cpp" />
		<Unit filename="..\src\mapgen\filter\shapeTopRound.h" />
		<Unit filename="..\src\mapgen\filter\shapeVolcano.cpp" />
		<Unit filename="..\src\mapgen\filter\shapeVolcano.h" />
		<Unit filename="..\src\mapgen\filter\shaper.cpp" />
		<Unit filename="..\src\mapgen\filter\shaper.h" />
		<Unit filename="..\src\mapgen\generator\diamon.cpp" />
		<Unit filename="..\src\mapgen\generator\diamon.h" />
		<Unit filename="..\src\mapgen\generator\generator.cpp" />
		<Unit filename="..\src\mapgen\generator\generator.h" />
		<Unit filename="..\src\mapgen\generator\heightMap.cpp" />
		<Unit filename="..\src\mapgen\generator\heightMap.h" />
		<Unit filename="..\src\mapgen\map.cpp" />
		<Unit filename="..\src\mapgen\map.h" />
		<Unit filename="..\src\mapgen\mapmaker.cpp" />
		<Unit filename="..\src\mapgen\mapmaker.h" />
		<Unit filename="..\src\mas\agent.cpp" />
		<Unit filename="..\src\mas\agent.h" />
		<Unit filename="..\src\mas\agentdemonstrator.cpp" />
		<Unit filename="..\src\mas\agentdemonstrator.h" />
		<Unit filename="..\src\mas\agentpolice.cpp" />
		<Unit filename="..\src\mas\agentpolice.h" />
		<Unit filename="..\src\mas\agentposition.h" />
		<Unit filename="..\src\mas\agentrobber.cpp" />
		<Unit filename="..\src\mas\agentrobber.h" />
		<Unit filename="..\src\mas\any.cpp" />
		<Unit filename="..\src\mas\any.h" />
		<Unit filename="..\src\mas\environment.cpp" />
		<Unit filename="..\src\mas\environment.h" />
		<Unit filename="..\src\mas\kernel.cpp" />
		<Unit filename="..\src\mas\kernel.h" />
		<Unit filename="..\src\mas\message.cpp" />
		<Unit filename="..\src\mas\message.h" />
		<Unit filename="..\src\mas\role.h" />
		<Unit filename="..\src\model\ac3dmacros.h" />
		<Unit filename="..\src\model\ac3dmaterial.cpp" />
		<Unit filename="..\src\model\ac3dmaterial.h" />
		<Unit filename="..\src\model\ac3dmodel.cpp" />
		<Unit filename="..\src\model\ac3dmodel.h" />
		<Unit filename="..\src\model\ac3dobject.cpp" />
		<Unit filename="..\src\model\ac3dobject.h" />
		<Unit filename="..\src\model\ac3dsurface.cpp" />
		<Unit filename="..\src\model\ac3dsurface.h" />
		<Unit filename="..\src\model\model.cpp" />
		<Unit filename="..\src\model\model.h" />
		<Unit filename="..\src\model\modelloader.cpp" />
		<Unit filename="..\src\model\modelloader.h" />
		<Unit filename="..\src\movement.cpp" />
		<Unit filename="..\src\movement.h" />
		<Unit filename="..\src\movementmanager.cpp" />
		<Unit filename="..\src\movementmanager.h" />
		<Unit filename="..\src\networking\netnode.h" />
		<Unit filename="..\src\networking\networking.cpp" />
		<Unit filename="..\src\networking\networking.h" />
		<Unit filename="..\src\pathfinder.cpp" />
		<Unit filename="..\src\pathfinder.h" />
		<Unit filename="..\src\persistence.cpp" />
		<Unit filename="..\src\persistence.h" />
		<Unit filename="..\src\property.cpp" />
		<Unit filename="..\src\property.h" />
		<Unit filename="..\src\propertymanager.cpp" />
		<Unit filename="..\src\propertymanager.h" />
		<Unit filename="..\src\propertymanager2.cpp" />
		<Unit filename="..\src\propertymanager2.h" />
		<Unit filename="..\src\renderer.cpp" />
		<Unit filename="..\src\renderer.h" />
		<Unit filename="..\src\simulator\commercialsim.cpp" />
		<Unit filename="..\src\simulator\commercialsim.h" />
		<Unit filename="..\src\simulator\electricitysim.cpp" />
		<Unit filename="..\src\simulator\electricitysim.h" />
		<Unit filename="..\src\simulator\industrialsim.cpp" />
		<Unit filename="..\src\simulator\industrialsim.h" />
		<Unit filename="..\src\simulator\mainsim.cpp" />
		<Unit filename="..\src\simulator\mainsim.h" />
		<Unit filename="..\src\simulator\residentialsim.cpp" />
		<Unit filename="..\src\simulator\residentialsim.h" />
		<Unit filename="..\src\simulator\simulator.cpp" />
		<Unit filename="..\src\simulator\simulator.h" />
		<Unit filename="..\src\simulator\trafficsim.cpp" />
		<Unit filename="..\src\simulator\trafficsim.h" />
		<Unit filename="..\src\structure\pathstructure.cpp" />
		<Unit filename="..\src\structure\pathstructure.h" />
		<Unit filename="..\src\structure\rcistructure.cpp" />
		<Unit filename="..\src\structure\rcistructure.h" />
		<Unit filename="..\src\structure\structure.cpp" />
		<Unit filename="..\src\structure\structure.h" />
		<Unit filename="..\src\structure\treestructure.cpp" />
		<Unit filename="..\src\structure\treestructure.h" />
		<Unit filename="..\src\structure\wegstructure.cpp" />
		<Unit filename="..\src\structure\wegstructure.h" />
		<Unit filename="..\src\texture.cpp" />
		<Unit filename="..\src\texture.h" />
		<Unit filename="..\src\tinyxml\tinystr.cpp" />
		<Unit filename="..\src\tinyxml\tinystr.h" />
		<Unit filename="..\src\tinyxml\tinyxml.cpp" />
		<Unit filename="..\src\tinyxml\tinyxml.h" />
		<Unit filename="..\src\tinyxml\tinyxmlerror.cpp" />
		<Unit filename="..\src\tinyxml\tinyxmlparser.cpp" />
		<Unit filename="..\src\tinyxpath\action_store.cpp" />
		<Unit filename="..\src\tinyxpath\action_store.h" />
		<Unit filename="..\src\tinyxpath\byte_stream.h" />
		<Unit filename="..\src\tinyxpath\lex_token.h" />
		<Unit filename="..\src\tinyxpath\lex_util.cpp" />
		<Unit filename="..\src\tinyxpath\lex_util.h" />
		<Unit filename="..\src\tinyxpath\node_set.cpp" />
		<Unit filename="..\src\tinyxpath\node_set.h" />
		<Unit filename="..\src\tinyxpath\tinyxpath_conf.h" />
		<Unit filename="..\src\tinyxpath\tokenlist.cpp" />
		<Unit filename="..\src\tinyxpath\tokenlist.h" />
		<Unit filename="..\src\tinyxpath\xml_util.cpp" />
		<Unit filename="..\src\tinyxpath\xml_util.h" />
		<Unit filename="..\src\tinyxpath\xpath_expression.cpp" />
		<Unit filename="..\src\tinyxpath\xpath_expression.h" />
		<Unit filename="..\src\tinyxpath\xpath_processor.cpp" />
		<Unit filename="..\src\tinyxpath\xpath_processor.h" />
		<Unit filename="..\src\tinyxpath\xpath_stack.cpp" />
		<Unit filename="..\src\tinyxpath\xpath_stack.h" />
		<Unit filename="..\src\tinyxpath\xpath_static.cpp" />
		<Unit filename="..\src\tinyxpath\xpath_static.h" />
		<Unit filename="..\src\tinyxpath\xpath_stream.cpp" />
		<Unit filename="..\src\tinyxpath\xpath_stream.h" />
		<Unit filename="..\src\tinyxpath\xpath_syntax.cpp" />
		<Unit filename="..\src\tinyxpath\xpath_syntax.h" />
		<Unit filename="..\src\triangulation\geometry.h" />
		<Unit filename="..\src\triangulation\star.cpp" />
		<Unit filename="..\src\triangulation\star.h" />
		<Unit filename="..\src\triangulation\triangulation.h" />
		<Unit filename="..\src\ui.cpp" />
		<Unit filename="..\src\ui.h" />
		<Unit filename="..\src\vehicle.cpp" />
		<Unit filename="..\src\vehicle.h" />
		<Unit filename="header.h" />
		<Unit filename="resource.rc">
			<Option compilerVar="WINDRES" />
		</Unit>
		<Extensions>
			<code_completion />
			<envvars />
			<debugger />
			<lib_finder disable_auto="1" />
		</Extensions>
	</Project>
</CodeBlocks_project_file>
