<?xml version="1.0" encoding="UTF-8" standalone="yes" ?>
<CodeBlocks_project_file>
	<FileVersion major="1" minor="6" />
	<Project>
		<Option title="FrameworkTest" />
		<Option pch_mode="2" />
		<Option compiler="gcc" />
		<Build>
			<Target title="Debug">
				<Option output="bin/Debug/FrameworkTest" prefix_auto="1" extension_auto="1" />
				<Option object_output="obj/Debug/" />
				<Option type="1" />
				<Option compiler="gcc" />
				<Compiler>
					<Add option="-Wall" />
					<Add option="-g" />
					<Add option="-D_GLIBCXX_CONCEPT_CHECKS" />
					<Add directory="../src/framework" />
				</Compiler>
			</Target>
			<Target title="Release">
				<Option output="bin/Release/FrameworkTest" prefix_auto="1" extension_auto="1" />
				<Option object_output="obj/Release/" />
				<Option type="1" />
				<Option compiler="gcc" />
				<Compiler>
					<Add option="-O2" />
					<Add option="-Wall" />
					<Add option="-D_GLIBCXX_CONCEPT_CHECKS" />
					<Add directory="/home/neoneurone/projects/opencity-head/src/" />
					<Add directory="../../src/" />
					<Add directory="../src" />
					<Add directory="../src/framework" />
				</Compiler>
				<Linker>
					<Add option="-s" />
				</Linker>
			</Target>
		</Build>
		<Compiler>
			<Add option="-Wall" />
		</Compiler>
		<Unit filename="../src/framework/System/CBoolean.cpp" />
		<Unit filename="../src/framework/System/CBoolean.h" />
		<Unit filename="../src/framework/System/CConsole.cpp" />
		<Unit filename="../src/framework/System/CConsole.h" />
		<Unit filename="../src/framework/System/CEnum.cpp" />
		<Unit filename="../src/framework/System/CEnum.h" />
		<Unit filename="../src/framework/System/CException.cpp" />
		<Unit filename="../src/framework/System/CException.h" />
		<Unit filename="../src/framework/System/CObject.cpp" />
		<Unit filename="../src/framework/System/CObject.h" />
		<Unit filename="../src/framework/System/CSmartPointer.h" />
		<Unit filename="../src/framework/System/CSmartPointer.tcc" />
		<Unit filename="../src/framework/System/CString.cpp" />
		<Unit filename="../src/framework/System/CString.h" />
		<Unit filename="../src/framework/System/CStringSplitOptions.cpp" />
		<Unit filename="../src/framework/System/CStringSplitOptions.h" />
		<Unit filename="../src/framework/System/CType.cpp" />
		<Unit filename="../src/framework/System/CType.h" />
		<Unit filename="../src/framework/System/CValueType.cpp" />
		<Unit filename="../src/framework/System/CValueType.h" />
		<Unit filename="../src/framework/System/Collections/Generic/CArray.h" />
		<Unit filename="../src/framework/System/Collections/Generic/CArray.tcc" />
		<Unit filename="../src/framework/System/Collections/Generic/CLinkedList.h" />
		<Unit filename="../src/framework/System/Collections/Generic/CLinkedList.tcc" />
		<Unit filename="../src/framework/System/Collections/Generic/CList.h" />
		<Unit filename="../src/framework/System/Collections/Generic/CList.tcc" />
		<Unit filename="../src/framework/System/Diagnostics/CDebug.cpp" />
		<Unit filename="../src/framework/System/Diagnostics/CDebug.h" />
		<Unit filename="../src/framework/System/Reflection/CMemberInfo.cpp" />
		<Unit filename="../src/framework/System/Reflection/CMemberInfo.h" />
		<Unit filename="../src/framework/System/SharpPlus.h" />
		<Unit filename="../src/framework/System/Xml/CXmlDocument.cpp" />
		<Unit filename="../src/framework/System/Xml/CXmlDocument.h" />
		<Unit filename="../src/framework/System/Xml/CXmlElement.cpp" />
		<Unit filename="../src/framework/System/Xml/CXmlElement.h" />
		<Unit filename="../src/framework/System/Xml/CXmlLinkedNode.cpp" />
		<Unit filename="../src/framework/System/Xml/CXmlLinkedNode.h" />
		<Unit filename="../src/framework/System/Xml/CXmlNode.cpp" />
		<Unit filename="../src/framework/System/Xml/CXmlNode.h" />
		<Unit filename="../src/framework/System/Xml/CXmlNodeList.cpp" />
		<Unit filename="../src/framework/System/Xml/CXmlNodeList.h" />
		<Unit filename="../test/framework/main.cpp" />
		<Unit filename="../test/framework/main.h" />
		<Extensions>
			<code_completion />
			<debugger />
		</Extensions>
	</Project>
</CodeBlocks_project_file>
